// !$*UTF8*$!
{
	archiveVersion = 1;
	classes = {
	};
	objectVersion = 46;
	objects = {

/* Begin PBXBuildFile section */
		187B76EF1BF70255005254A8 /* DBHelper.m in Sources */ = {isa = PBXBuildFile; fileRef = 187B76EE1BF70255005254A8 /* DBHelper.m */; };
		187B76F21BF702E0005254A8 /* User.m in Sources */ = {isa = PBXBuildFile; fileRef = 187B76F11BF702E0005254A8 /* User.m */; };
		187B76F51BF70481005254A8 /* Globals.m in Sources */ = {isa = PBXBuildFile; fileRef = 187B76F41BF70481005254A8 /* Globals.m */; };
		187B76F81BF70908005254A8 /* NetWork.m in Sources */ = {isa = PBXBuildFile; fileRef = 187B76F71BF70908005254A8 /* NetWork.m */; };
		187B76FC1BF7247A005254A8 /* Storyboard.storyboard in Resources */ = {isa = PBXBuildFile; fileRef = 187B76FB1BF7247A005254A8 /* Storyboard.storyboard */; };
		187B77001BF727F7005254A8 /* LoginViewController.m in Sources */ = {isa = PBXBuildFile; fileRef = 187B76FF1BF727F7005254A8 /* LoginViewController.m */; };
		187B77031BF728B6005254A8 /* LoginView.m in Sources */ = {isa = PBXBuildFile; fileRef = 187B77021BF728B6005254A8 /* LoginView.m */; };
		187B77051BF76579005254A8 /* CoreGraphics.framework in Frameworks */ = {isa = PBXBuildFile; fileRef = 187B77041BF76579005254A8 /* CoreGraphics.framework */; };
		187B77071BF765A0005254A8 /* QuartzCore.framework in Frameworks */ = {isa = PBXBuildFile; fileRef = 187B77061BF765A0005254A8 /* QuartzCore.framework */; };
		187B77091BF765AA005254A8 /* MobileCoreServices.framework in Frameworks */ = {isa = PBXBuildFile; fileRef = 187B77081BF765AA005254A8 /* MobileCoreServices.framework */; };
		187B770F1BF777F9005254A8 /* PickerDialog.m in Sources */ = {isa = PBXBuildFile; fileRef = 187B770C1BF777F9005254A8 /* PickerDialog.m */; };
		187B77101BF777F9005254A8 /* PickerDialogController.m in Sources */ = {isa = PBXBuildFile; fileRef = 187B770E1BF777F9005254A8 /* PickerDialogController.m */; };
		778BAE87E957B3548C5B7EE9 /* Pods.framework in Frameworks */ = {isa = PBXBuildFile; fileRef = D81F199130BDA0DC14D83E22 /* Pods.framework */; };
		A54AB3501BF6DE53000E6840 /* main.m in Sources */ = {isa = PBXBuildFile; fileRef = A54AB34F1BF6DE53000E6840 /* main.m */; };
		A54AB3531BF6DE53000E6840 /* AppDelegate.m in Sources */ = {isa = PBXBuildFile; fileRef = A54AB3521BF6DE53000E6840 /* AppDelegate.m */; };
		A54AB3561BF6DE53000E6840 /* ViewController.m in Sources */ = {isa = PBXBuildFile; fileRef = A54AB3551BF6DE53000E6840 /* ViewController.m */; };
		A54AB3591BF6DE53000E6840 /* Main.storyboard in Resources */ = {isa = PBXBuildFile; fileRef = A54AB3571BF6DE53000E6840 /* Main.storyboard */; };
		A54AB35B1BF6DE53000E6840 /* Assets.xcassets in Resources */ = {isa = PBXBuildFile; fileRef = A54AB35A1BF6DE53000E6840 /* Assets.xcassets */; };
		A54AB35E1BF6DE53000E6840 /* LaunchScreen.storyboard in Resources */ = {isa = PBXBuildFile; fileRef = A54AB35C1BF6DE53000E6840 /* LaunchScreen.storyboard */; };
		A54AB3691BF6DE53000E6840 /* BLEChatTests.m in Sources */ = {isa = PBXBuildFile; fileRef = A54AB3681BF6DE53000E6840 /* BLEChatTests.m */; };
		A54AB3741BF6DE53000E6840 /* BLEChatUITests.m in Sources */ = {isa = PBXBuildFile; fileRef = A54AB3731BF6DE53000E6840 /* BLEChatUITests.m */; };
		A54AB3831BF6DF99000E6840 /* NearbyViewController.m in Sources */ = {isa = PBXBuildFile; fileRef = A54AB3821BF6DF99000E6840 /* NearbyViewController.m */; };
		A54AB38B1BF6E0C0000E6840 /* PeripheralManager.m in Sources */ = {isa = PBXBuildFile; fileRef = A54AB38A1BF6E0C0000E6840 /* PeripheralManager.m */; };
		A54AB38F1BF713FB000E6840 /* CentralManager.m in Sources */ = {isa = PBXBuildFile; fileRef = A54AB38E1BF713FB000E6840 /* CentralManager.m */; };
		A54AB3921BF718F1000E6840 /* RemoteDevice.m in Sources */ = {isa = PBXBuildFile; fileRef = A54AB3911BF718F1000E6840 /* RemoteDevice.m */; };
		A54AB3981BF75AC8000E6840 /* DraggableView.m in Sources */ = {isa = PBXBuildFile; fileRef = A54AB3951BF75AC8000E6840 /* DraggableView.m */; };
		A54AB3991BF75AC8000E6840 /* OverlayView.m in Sources */ = {isa = PBXBuildFile; fileRef = A54AB3971BF75AC8000E6840 /* OverlayView.m */; };
		A54AB39E1BF7688F000E6840 /* RadarView.m in Sources */ = {isa = PBXBuildFile; fileRef = A54AB39D1BF7688F000E6840 /* RadarView.m */; };
		A54AB3A21BF77324000E6840 /* WaitingViewController.m in Sources */ = {isa = PBXBuildFile; fileRef = A54AB3A11BF77324000E6840 /* WaitingViewController.m */; };
		A54AB3A61BF77CCD000E6840 /* CloseToUserViewController.m in Sources */ = {isa = PBXBuildFile; fileRef = A54AB3A51BF77CCD000E6840 /* CloseToUserViewController.m */; };
		A54AB3A81BF7DE56000E6840 /* SearchingView.xib in Resources */ = {isa = PBXBuildFile; fileRef = A54AB3A71BF7DE56000E6840 /* SearchingView.xib */; };
/* End PBXBuildFile section */

/* Begin PBXContainerItemProxy section */
		A54AB3651BF6DE53000E6840 /* PBXContainerItemProxy */ = {
			isa = PBXContainerItemProxy;
			containerPortal = A54AB3431BF6DE53000E6840 /* Project object */;
			proxyType = 1;
			remoteGlobalIDString = A54AB34A1BF6DE53000E6840;
			remoteInfo = BLEChat;
		};
		A54AB3701BF6DE53000E6840 /* PBXContainerItemProxy */ = {
			isa = PBXContainerItemProxy;
			containerPortal = A54AB3431BF6DE53000E6840 /* Project object */;
			proxyType = 1;
			remoteGlobalIDString = A54AB34A1BF6DE53000E6840;
			remoteInfo = BLEChat;
		};
/* End PBXContainerItemProxy section */

/* Begin PBXFileReference section */
		130FAF6E80A54B411D4B45FC /* Pods.debug.xcconfig */ = {isa = PBXFileReference; includeInIndex = 1; lastKnownFileType = text.xcconfig; name = Pods.debug.xcconfig; path = "Pods/Target Support Files/Pods/Pods.debug.xcconfig"; sourceTree = "<group>"; };
		187B76ED1BF70255005254A8 /* DBHelper.h */ = {isa = PBXFileReference; fileEncoding = 4; lastKnownFileType = sourcecode.c.h; path = DBHelper.h; sourceTree = "<group>"; };
		187B76EE1BF70255005254A8 /* DBHelper.m */ = {isa = PBXFileReference; fileEncoding = 4; lastKnownFileType = sourcecode.c.objc; path = DBHelper.m; sourceTree = "<group>"; };
		187B76F01BF702E0005254A8 /* User.h */ = {isa = PBXFileReference; fileEncoding = 4; lastKnownFileType = sourcecode.c.h; path = User.h; sourceTree = "<group>"; };
		187B76F11BF702E0005254A8 /* User.m */ = {isa = PBXFileReference; fileEncoding = 4; lastKnownFileType = sourcecode.c.objc; path = User.m; sourceTree = "<group>"; };
		187B76F31BF70481005254A8 /* Globals.h */ = {isa = PBXFileReference; fileEncoding = 4; lastKnownFileType = sourcecode.c.h; path = Globals.h; sourceTree = "<group>"; };
		187B76F41BF70481005254A8 /* Globals.m */ = {isa = PBXFileReference; fileEncoding = 4; lastKnownFileType = sourcecode.c.objc; path = Globals.m; sourceTree = "<group>"; };
		187B76F61BF70908005254A8 /* NetWork.h */ = {isa = PBXFileReference; fileEncoding = 4; lastKnownFileType = sourcecode.c.h; path = NetWork.h; sourceTree = "<group>"; };
		187B76F71BF70908005254A8 /* NetWork.m */ = {isa = PBXFileReference; fileEncoding = 4; lastKnownFileType = sourcecode.c.objc; path = NetWork.m; sourceTree = "<group>"; };
		187B76FB1BF7247A005254A8 /* Storyboard.storyboard */ = {isa = PBXFileReference; fileEncoding = 4; lastKnownFileType = file.storyboard; path = Storyboard.storyboard; sourceTree = "<group>"; };
		187B76FE1BF727F7005254A8 /* LoginViewController.h */ = {isa = PBXFileReference; fileEncoding = 4; lastKnownFileType = sourcecode.c.h; path = LoginViewController.h; sourceTree = "<group>"; };
		187B76FF1BF727F7005254A8 /* LoginViewController.m */ = {isa = PBXFileReference; fileEncoding = 4; lastKnownFileType = sourcecode.c.objc; path = LoginViewController.m; sourceTree = "<group>"; };
		187B77011BF728B6005254A8 /* LoginView.h */ = {isa = PBXFileReference; fileEncoding = 4; lastKnownFileType = sourcecode.c.h; path = LoginView.h; sourceTree = "<group>"; };
		187B77021BF728B6005254A8 /* LoginView.m */ = {isa = PBXFileReference; fileEncoding = 4; lastKnownFileType = sourcecode.c.objc; path = LoginView.m; sourceTree = "<group>"; };
		187B77041BF76579005254A8 /* CoreGraphics.framework */ = {isa = PBXFileReference; lastKnownFileType = wrapper.framework; name = CoreGraphics.framework; path = System/Library/Frameworks/CoreGraphics.framework; sourceTree = SDKROOT; };
		187B77061BF765A0005254A8 /* QuartzCore.framework */ = {isa = PBXFileReference; lastKnownFileType = wrapper.framework; name = QuartzCore.framework; path = System/Library/Frameworks/QuartzCore.framework; sourceTree = SDKROOT; };
		187B77081BF765AA005254A8 /* MobileCoreServices.framework */ = {isa = PBXFileReference; lastKnownFileType = wrapper.framework; name = MobileCoreServices.framework; path = System/Library/Frameworks/MobileCoreServices.framework; sourceTree = SDKROOT; };
		187B770B1BF777F9005254A8 /* PickerDialog.h */ = {isa = PBXFileReference; fileEncoding = 4; lastKnownFileType = sourcecode.c.h; path = PickerDialog.h; sourceTree = "<group>"; };
		187B770C1BF777F9005254A8 /* PickerDialog.m */ = {isa = PBXFileReference; fileEncoding = 4; lastKnownFileType = sourcecode.c.objc; path = PickerDialog.m; sourceTree = "<group>"; };
		187B770D1BF777F9005254A8 /* PickerDialogController.h */ = {isa = PBXFileReference; fileEncoding = 4; lastKnownFileType = sourcecode.c.h; path = PickerDialogController.h; sourceTree = "<group>"; };
		187B770E1BF777F9005254A8 /* PickerDialogController.m */ = {isa = PBXFileReference; fileEncoding = 4; lastKnownFileType = sourcecode.c.objc; path = PickerDialogController.m; sourceTree = "<group>"; };
		A54AB34B1BF6DE53000E6840 /* BLEChat.app */ = {isa = PBXFileReference; explicitFileType = wrapper.application; includeInIndex = 0; path = BLEChat.app; sourceTree = BUILT_PRODUCTS_DIR; };
		A54AB34F1BF6DE53000E6840 /* main.m */ = {isa = PBXFileReference; lastKnownFileType = sourcecode.c.objc; path = main.m; sourceTree = "<group>"; };
		A54AB3511BF6DE53000E6840 /* AppDelegate.h */ = {isa = PBXFileReference; lastKnownFileType = sourcecode.c.h; path = AppDelegate.h; sourceTree = "<group>"; };
		A54AB3521BF6DE53000E6840 /* AppDelegate.m */ = {isa = PBXFileReference; lastKnownFileType = sourcecode.c.objc; path = AppDelegate.m; sourceTree = "<group>"; };
		A54AB3541BF6DE53000E6840 /* ViewController.h */ = {isa = PBXFileReference; lastKnownFileType = sourcecode.c.h; path = ViewController.h; sourceTree = "<group>"; };
		A54AB3551BF6DE53000E6840 /* ViewController.m */ = {isa = PBXFileReference; lastKnownFileType = sourcecode.c.objc; path = ViewController.m; sourceTree = "<group>"; };
		A54AB3581BF6DE53000E6840 /* Base */ = {isa = PBXFileReference; lastKnownFileType = file.storyboard; name = Base; path = Base.lproj/Main.storyboard; sourceTree = "<group>"; };
		A54AB35A1BF6DE53000E6840 /* Assets.xcassets */ = {isa = PBXFileReference; lastKnownFileType = folder.assetcatalog; path = Assets.xcassets; sourceTree = "<group>"; };
		A54AB35D1BF6DE53000E6840 /* Base */ = {isa = PBXFileReference; lastKnownFileType = file.storyboard; name = Base; path = Base.lproj/LaunchScreen.storyboard; sourceTree = "<group>"; };
		A54AB35F1BF6DE53000E6840 /* Info.plist */ = {isa = PBXFileReference; lastKnownFileType = text.plist.xml; path = Info.plist; sourceTree = "<group>"; };
		A54AB3641BF6DE53000E6840 /* BLEChatTests.xctest */ = {isa = PBXFileReference; explicitFileType = wrapper.cfbundle; includeInIndex = 0; path = BLEChatTests.xctest; sourceTree = BUILT_PRODUCTS_DIR; };
		A54AB3681BF6DE53000E6840 /* BLEChatTests.m */ = {isa = PBXFileReference; lastKnownFileType = sourcecode.c.objc; path = BLEChatTests.m; sourceTree = "<group>"; };
		A54AB36A1BF6DE53000E6840 /* Info.plist */ = {isa = PBXFileReference; lastKnownFileType = text.plist.xml; path = Info.plist; sourceTree = "<group>"; };
		A54AB36F1BF6DE53000E6840 /* BLEChatUITests.xctest */ = {isa = PBXFileReference; explicitFileType = wrapper.cfbundle; includeInIndex = 0; path = BLEChatUITests.xctest; sourceTree = BUILT_PRODUCTS_DIR; };
		A54AB3731BF6DE53000E6840 /* BLEChatUITests.m */ = {isa = PBXFileReference; lastKnownFileType = sourcecode.c.objc; path = BLEChatUITests.m; sourceTree = "<group>"; };
		A54AB3751BF6DE53000E6840 /* Info.plist */ = {isa = PBXFileReference; lastKnownFileType = text.plist.xml; path = Info.plist; sourceTree = "<group>"; };
		A54AB3811BF6DF99000E6840 /* NearbyViewController.h */ = {isa = PBXFileReference; fileEncoding = 4; lastKnownFileType = sourcecode.c.h; path = NearbyViewController.h; sourceTree = "<group>"; };
		A54AB3821BF6DF99000E6840 /* NearbyViewController.m */ = {isa = PBXFileReference; fileEncoding = 4; lastKnownFileType = sourcecode.c.objc; path = NearbyViewController.m; sourceTree = "<group>"; };
		A54AB3891BF6E0C0000E6840 /* PeripheralManager.h */ = {isa = PBXFileReference; fileEncoding = 4; lastKnownFileType = sourcecode.c.h; path = PeripheralManager.h; sourceTree = "<group>"; };
		A54AB38A1BF6E0C0000E6840 /* PeripheralManager.m */ = {isa = PBXFileReference; fileEncoding = 4; lastKnownFileType = sourcecode.c.objc; path = PeripheralManager.m; sourceTree = "<group>"; };
		A54AB38D1BF713FB000E6840 /* CentralManager.h */ = {isa = PBXFileReference; fileEncoding = 4; lastKnownFileType = sourcecode.c.h; path = CentralManager.h; sourceTree = "<group>"; };
		A54AB38E1BF713FB000E6840 /* CentralManager.m */ = {isa = PBXFileReference; fileEncoding = 4; lastKnownFileType = sourcecode.c.objc; path = CentralManager.m; sourceTree = "<group>"; };
		A54AB3901BF718F1000E6840 /* RemoteDevice.h */ = {isa = PBXFileReference; fileEncoding = 4; lastKnownFileType = sourcecode.c.h; path = RemoteDevice.h; sourceTree = "<group>"; };
		A54AB3911BF718F1000E6840 /* RemoteDevice.m */ = {isa = PBXFileReference; fileEncoding = 4; lastKnownFileType = sourcecode.c.objc; path = RemoteDevice.m; sourceTree = "<group>"; };
		A54AB3941BF75AC8000E6840 /* DraggableView.h */ = {isa = PBXFileReference; fileEncoding = 4; lastKnownFileType = sourcecode.c.h; path = DraggableView.h; sourceTree = "<group>"; };
		A54AB3951BF75AC8000E6840 /* DraggableView.m */ = {isa = PBXFileReference; fileEncoding = 4; lastKnownFileType = sourcecode.c.objc; path = DraggableView.m; sourceTree = "<group>"; };
		A54AB3961BF75AC8000E6840 /* OverlayView.h */ = {isa = PBXFileReference; fileEncoding = 4; lastKnownFileType = sourcecode.c.h; path = OverlayView.h; sourceTree = "<group>"; };
		A54AB3971BF75AC8000E6840 /* OverlayView.m */ = {isa = PBXFileReference; fileEncoding = 4; lastKnownFileType = sourcecode.c.objc; path = OverlayView.m; sourceTree = "<group>"; };
		A54AB39C1BF7688F000E6840 /* RadarView.h */ = {isa = PBXFileReference; fileEncoding = 4; lastKnownFileType = sourcecode.c.h; path = RadarView.h; sourceTree = "<group>"; };
		A54AB39D1BF7688F000E6840 /* RadarView.m */ = {isa = PBXFileReference; fileEncoding = 4; lastKnownFileType = sourcecode.c.objc; path = RadarView.m; sourceTree = "<group>"; };
		A54AB3A01BF77324000E6840 /* WaitingViewController.h */ = {isa = PBXFileReference; fileEncoding = 4; lastKnownFileType = sourcecode.c.h; path = WaitingViewController.h; sourceTree = "<group>"; };
		A54AB3A11BF77324000E6840 /* WaitingViewController.m */ = {isa = PBXFileReference; fileEncoding = 4; lastKnownFileType = sourcecode.c.objc; path = WaitingViewController.m; sourceTree = "<group>"; };
		A54AB3A41BF77CCD000E6840 /* CloseToUserViewController.h */ = {isa = PBXFileReference; fileEncoding = 4; lastKnownFileType = sourcecode.c.h; path = CloseToUserViewController.h; sourceTree = "<group>"; };
		A54AB3A51BF77CCD000E6840 /* CloseToUserViewController.m */ = {isa = PBXFileReference; fileEncoding = 4; lastKnownFileType = sourcecode.c.objc; path = CloseToUserViewController.m; sourceTree = "<group>"; };
		A54AB3A71BF7DE56000E6840 /* SearchingView.xib */ = {isa = PBXFileReference; fileEncoding = 4; lastKnownFileType = file.xib; path = SearchingView.xib; sourceTree = "<group>"; };
		B5CA01E94855134E08622EFA /* Pods.release.xcconfig */ = {isa = PBXFileReference; includeInIndex = 1; lastKnownFileType = text.xcconfig; name = Pods.release.xcconfig; path = "Pods/Target Support Files/Pods/Pods.release.xcconfig"; sourceTree = "<group>"; };
		D81F199130BDA0DC14D83E22 /* Pods.framework */ = {isa = PBXFileReference; explicitFileType = wrapper.framework; includeInIndex = 0; path = Pods.framework; sourceTree = BUILT_PRODUCTS_DIR; };
/* End PBXFileReference section */

/* Begin PBXFrameworksBuildPhase section */
		A54AB3481BF6DE53000E6840 /* Frameworks */ = {
			isa = PBXFrameworksBuildPhase;
			buildActionMask = 2147483647;
			files = (
				187B77091BF765AA005254A8 /* MobileCoreServices.framework in Frameworks */,
				187B77071BF765A0005254A8 /* QuartzCore.framework in Frameworks */,
				187B77051BF76579005254A8 /* CoreGraphics.framework in Frameworks */,
				778BAE87E957B3548C5B7EE9 /* Pods.framework in Frameworks */,
			);
			runOnlyForDeploymentPostprocessing = 0;
		};
		A54AB3611BF6DE53000E6840 /* Frameworks */ = {
			isa = PBXFrameworksBuildPhase;
			buildActionMask = 2147483647;
			files = (
			);
			runOnlyForDeploymentPostprocessing = 0;
		};
		A54AB36C1BF6DE53000E6840 /* Frameworks */ = {
			isa = PBXFrameworksBuildPhase;
			buildActionMask = 2147483647;
			files = (
			);
			runOnlyForDeploymentPostprocessing = 0;
		};
/* End PBXFrameworksBuildPhase section */

/* Begin PBXGroup section */
		187B76EB1BF70195005254A8 /* Models */ = {
			isa = PBXGroup;
			children = (
				187B76F01BF702E0005254A8 /* User.h */,
				187B76F11BF702E0005254A8 /* User.m */,
				187B76F31BF70481005254A8 /* Globals.h */,
				187B76F41BF70481005254A8 /* Globals.m */,
			);
			name = Models;
			sourceTree = "<group>";
		};
		187B76EC1BF7022D005254A8 /* Helper */ = {
			isa = PBXGroup;
			children = (
				187B76ED1BF70255005254A8 /* DBHelper.h */,
				187B76EE1BF70255005254A8 /* DBHelper.m */,
			);
			name = Helper;
			sourceTree = "<group>";
		};
		187B76F91BF7091A005254A8 /* NetWork */ = {
			isa = PBXGroup;
			children = (
				187B76F61BF70908005254A8 /* NetWork.h */,
				187B76F71BF70908005254A8 /* NetWork.m */,
			);
			name = NetWork;
			sourceTree = "<group>";
		};
		187B76FD1BF724B1005254A8 /* Login */ = {
			isa = PBXGroup;
			children = (
				187B76FE1BF727F7005254A8 /* LoginViewController.h */,
				187B76FF1BF727F7005254A8 /* LoginViewController.m */,
				187B77011BF728B6005254A8 /* LoginView.h */,
				187B77021BF728B6005254A8 /* LoginView.m */,
			);
			name = Login;
			sourceTree = "<group>";
		};
		187B770A1BF777E1005254A8 /* PickerDialog */ = {
			isa = PBXGroup;
			children = (
				187B770B1BF777F9005254A8 /* PickerDialog.h */,
				187B770C1BF777F9005254A8 /* PickerDialog.m */,
				187B770D1BF777F9005254A8 /* PickerDialogController.h */,
				187B770E1BF777F9005254A8 /* PickerDialogController.m */,
			);
			name = PickerDialog;
			sourceTree = "<group>";
		};
		6A68426C5F5BE69883C101F1 /* Frameworks */ = {
			isa = PBXGroup;
			children = (
				187B77081BF765AA005254A8 /* MobileCoreServices.framework */,
				187B77061BF765A0005254A8 /* QuartzCore.framework */,
				187B77041BF76579005254A8 /* CoreGraphics.framework */,
				D81F199130BDA0DC14D83E22 /* Pods.framework */,
			);
			name = Frameworks;
			sourceTree = "<group>";
		};
		92EBC7049430D996DD612683 /* Pods */ = {
			isa = PBXGroup;
			children = (
				130FAF6E80A54B411D4B45FC /* Pods.debug.xcconfig */,
				B5CA01E94855134E08622EFA /* Pods.release.xcconfig */,
			);
			name = Pods;
			sourceTree = "<group>";
		};
		A54AB3421BF6DE53000E6840 = {
			isa = PBXGroup;
			children = (
				A54AB34D1BF6DE53000E6840 /* BLEChat */,
				A54AB3671BF6DE53000E6840 /* BLEChatTests */,
				A54AB3721BF6DE53000E6840 /* BLEChatUITests */,
				A54AB34C1BF6DE53000E6840 /* Products */,
				92EBC7049430D996DD612683 /* Pods */,
				6A68426C5F5BE69883C101F1 /* Frameworks */,
			);
			sourceTree = "<group>";
		};
		A54AB34C1BF6DE53000E6840 /* Products */ = {
			isa = PBXGroup;
			children = (
				A54AB34B1BF6DE53000E6840 /* BLEChat.app */,
				A54AB3641BF6DE53000E6840 /* BLEChatTests.xctest */,
				A54AB36F1BF6DE53000E6840 /* BLEChatUITests.xctest */,
			);
			name = Products;
			sourceTree = "<group>";
		};
		A54AB34D1BF6DE53000E6840 /* BLEChat */ = {
			isa = PBXGroup;
			children = (
				A54AB39B1BF7686A000E6840 /* UI */,
				A54AB38C1BF713CE000E6840 /* CentralManager */,
				187B770A1BF777E1005254A8 /* PickerDialog */,
				187B76FD1BF724B1005254A8 /* Login */,
				187B76F91BF7091A005254A8 /* NetWork */,
				187B76EC1BF7022D005254A8 /* Helper */,
				187B76EB1BF70195005254A8 /* Models */,
				A54AB3851BF6DFCA000E6840 /* PeripheralManager */,
				A54AB3841BF6DF9D000E6840 /* NearBy */,
				A54AB39F1BF77305000E6840 /* Waiting */,
				A54AB3A31BF77C9F000E6840 /* CloseToUser */,
				A54AB3511BF6DE53000E6840 /* AppDelegate.h */,
				A54AB3521BF6DE53000E6840 /* AppDelegate.m */,
				A54AB3541BF6DE53000E6840 /* ViewController.h */,
				A54AB3551BF6DE53000E6840 /* ViewController.m */,
				A54AB3571BF6DE53000E6840 /* Main.storyboard */,
				A54AB35A1BF6DE53000E6840 /* Assets.xcassets */,
				A54AB35C1BF6DE53000E6840 /* LaunchScreen.storyboard */,
				A54AB3A71BF7DE56000E6840 /* SearchingView.xib */,
				A54AB35F1BF6DE53000E6840 /* Info.plist */,
				A54AB34E1BF6DE53000E6840 /* Supporting Files */,
				187B76FB1BF7247A005254A8 /* Storyboard.storyboard */,
			);
			path = BLEChat;
			sourceTree = "<group>";
		};
		A54AB34E1BF6DE53000E6840 /* Supporting Files */ = {
			isa = PBXGroup;
			children = (
				A54AB34F1BF6DE53000E6840 /* main.m */,
			);
			name = "Supporting Files";
			sourceTree = "<group>";
		};
		A54AB3671BF6DE53000E6840 /* BLEChatTests */ = {
			isa = PBXGroup;
			children = (
				A54AB3681BF6DE53000E6840 /* BLEChatTests.m */,
				A54AB36A1BF6DE53000E6840 /* Info.plist */,
			);
			path = BLEChatTests;
			sourceTree = "<group>";
		};
		A54AB3721BF6DE53000E6840 /* BLEChatUITests */ = {
			isa = PBXGroup;
			children = (
				A54AB3731BF6DE53000E6840 /* BLEChatUITests.m */,
				A54AB3751BF6DE53000E6840 /* Info.plist */,
			);
			path = BLEChatUITests;
			sourceTree = "<group>";
		};
		A54AB3841BF6DF9D000E6840 /* NearBy */ = {
			isa = PBXGroup;
			children = (
				A54AB3811BF6DF99000E6840 /* NearbyViewController.h */,
				A54AB3821BF6DF99000E6840 /* NearbyViewController.m */,
			);
			name = NearBy;
			sourceTree = "<group>";
		};
		A54AB3851BF6DFCA000E6840 /* PeripheralManager */ = {
			isa = PBXGroup;
			children = (
				A54AB3891BF6E0C0000E6840 /* PeripheralManager.h */,
				A54AB38A1BF6E0C0000E6840 /* PeripheralManager.m */,
			);
			name = PeripheralManager;
			sourceTree = "<group>";
		};
		A54AB38C1BF713CE000E6840 /* CentralManager */ = {
			isa = PBXGroup;
			children = (
				A54AB38D1BF713FB000E6840 /* CentralManager.h */,
				A54AB38E1BF713FB000E6840 /* CentralManager.m */,
				A54AB3901BF718F1000E6840 /* RemoteDevice.h */,
				A54AB3911BF718F1000E6840 /* RemoteDevice.m */,
			);
			name = CentralManager;
			sourceTree = "<group>";
		};
		A54AB3931BF75A9C000E6840 /* DraggableView */ = {
			isa = PBXGroup;
			children = (
				A54AB3941BF75AC8000E6840 /* DraggableView.h */,
				A54AB3951BF75AC8000E6840 /* DraggableView.m */,
				A54AB3961BF75AC8000E6840 /* OverlayView.h */,
				A54AB3971BF75AC8000E6840 /* OverlayView.m */,
			);
			name = DraggableView;
			sourceTree = "<group>";
		};
		A54AB39A1BF7684A000E6840 /* RadarView */ = {
			isa = PBXGroup;
			children = (
				A54AB39C1BF7688F000E6840 /* RadarView.h */,
				A54AB39D1BF7688F000E6840 /* RadarView.m */,
			);
			name = RadarView;
			sourceTree = "<group>";
		};
		A54AB39B1BF7686A000E6840 /* UI */ = {
			isa = PBXGroup;
			children = (
				A54AB39A1BF7684A000E6840 /* RadarView */,
				A54AB3931BF75A9C000E6840 /* DraggableView */,
			);
			name = UI;
			sourceTree = "<group>";
		};
		A54AB39F1BF77305000E6840 /* Waiting */ = {
			isa = PBXGroup;
			children = (
				A54AB3A01BF77324000E6840 /* WaitingViewController.h */,
				A54AB3A11BF77324000E6840 /* WaitingViewController.m */,
			);
			name = Waiting;
			sourceTree = "<group>";
		};
		A54AB3A31BF77C9F000E6840 /* CloseToUser */ = {
			isa = PBXGroup;
			children = (
				A54AB3A41BF77CCD000E6840 /* CloseToUserViewController.h */,
				A54AB3A51BF77CCD000E6840 /* CloseToUserViewController.m */,
			);
			name = CloseToUser;
			sourceTree = "<group>";
		};
/* End PBXGroup section */

/* Begin PBXNativeTarget section */
		A54AB34A1BF6DE53000E6840 /* BLEChat */ = {
			isa = PBXNativeTarget;
			buildConfigurationList = A54AB3781BF6DE53000E6840 /* Build configuration list for PBXNativeTarget "BLEChat" */;
			buildPhases = (
				37111AD92E8CB155E59BD912 /* Check Pods Manifest.lock */,
				A54AB3471BF6DE53000E6840 /* Sources */,
				A54AB3481BF6DE53000E6840 /* Frameworks */,
				A54AB3491BF6DE53000E6840 /* Resources */,
				51BDAD5557157E7B63B42055 /* Embed Pods Frameworks */,
				26C94DFD0B0DB475DE94A94C /* Copy Pods Resources */,
			);
			buildRules = (
			);
			dependencies = (
			);
			name = BLEChat;
			productName = BLEChat;
			productReference = A54AB34B1BF6DE53000E6840 /* BLEChat.app */;
			productType = "com.apple.product-type.application";
		};
		A54AB3631BF6DE53000E6840 /* BLEChatTests */ = {
			isa = PBXNativeTarget;
			buildConfigurationList = A54AB37B1BF6DE53000E6840 /* Build configuration list for PBXNativeTarget "BLEChatTests" */;
			buildPhases = (
				A54AB3601BF6DE53000E6840 /* Sources */,
				A54AB3611BF6DE53000E6840 /* Frameworks */,
				A54AB3621BF6DE53000E6840 /* Resources */,
			);
			buildRules = (
			);
			dependencies = (
				A54AB3661BF6DE53000E6840 /* PBXTargetDependency */,
			);
			name = BLEChatTests;
			productName = BLEChatTests;
			productReference = A54AB3641BF6DE53000E6840 /* BLEChatTests.xctest */;
			productType = "com.apple.product-type.bundle.unit-test";
		};
		A54AB36E1BF6DE53000E6840 /* BLEChatUITests */ = {
			isa = PBXNativeTarget;
			buildConfigurationList = A54AB37E1BF6DE53000E6840 /* Build configuration list for PBXNativeTarget "BLEChatUITests" */;
			buildPhases = (
				A54AB36B1BF6DE53000E6840 /* Sources */,
				A54AB36C1BF6DE53000E6840 /* Frameworks */,
				A54AB36D1BF6DE53000E6840 /* Resources */,
			);
			buildRules = (
			);
			dependencies = (
				A54AB3711BF6DE53000E6840 /* PBXTargetDependency */,
			);
			name = BLEChatUITests;
			productName = BLEChatUITests;
			productReference = A54AB36F1BF6DE53000E6840 /* BLEChatUITests.xctest */;
			productType = "com.apple.product-type.bundle.ui-testing";
		};
/* End PBXNativeTarget section */

/* Begin PBXProject section */
		A54AB3431BF6DE53000E6840 /* Project object */ = {
			isa = PBXProject;
			attributes = {
				LastUpgradeCheck = 0710;
				ORGANIZATIONNAME = Eleven;
				TargetAttributes = {
					A54AB34A1BF6DE53000E6840 = {
						CreatedOnToolsVersion = 7.1.1;
						SystemCapabilities = {
							com.apple.BackgroundModes = {
								enabled = 1;
							};
						};
					};
					A54AB3631BF6DE53000E6840 = {
						CreatedOnToolsVersion = 7.1.1;
						TestTargetID = A54AB34A1BF6DE53000E6840;
					};
					A54AB36E1BF6DE53000E6840 = {
						CreatedOnToolsVersion = 7.1.1;
						TestTargetID = A54AB34A1BF6DE53000E6840;
					};
				};
			};
			buildConfigurationList = A54AB3461BF6DE53000E6840 /* Build configuration list for PBXProject "BLEChat" */;
			compatibilityVersion = "Xcode 3.2";
			developmentRegion = English;
			hasScannedForEncodings = 0;
			knownRegions = (
				en,
				Base,
			);
			mainGroup = A54AB3421BF6DE53000E6840;
			productRefGroup = A54AB34C1BF6DE53000E6840 /* Products */;
			projectDirPath = "";
			projectRoot = "";
			targets = (
				A54AB34A1BF6DE53000E6840 /* BLEChat */,
				A54AB3631BF6DE53000E6840 /* BLEChatTests */,
				A54AB36E1BF6DE53000E6840 /* BLEChatUITests */,
			);
		};
/* End PBXProject section */

/* Begin PBXResourcesBuildPhase section */
		A54AB3491BF6DE53000E6840 /* Resources */ = {
			isa = PBXResourcesBuildPhase;
			buildActionMask = 2147483647;
			files = (
				A54AB35E1BF6DE53000E6840 /* LaunchScreen.storyboard in Resources */,
				A54AB3A81BF7DE56000E6840 /* SearchingView.xib in Resources */,
				187B76FC1BF7247A005254A8 /* Storyboard.storyboard in Resources */,
				A54AB35B1BF6DE53000E6840 /* Assets.xcassets in Resources */,
				A54AB3591BF6DE53000E6840 /* Main.storyboard in Resources */,
			);
			runOnlyForDeploymentPostprocessing = 0;
		};
		A54AB3621BF6DE53000E6840 /* Resources */ = {
			isa = PBXResourcesBuildPhase;
			buildActionMask = 2147483647;
			files = (
			);
			runOnlyForDeploymentPostprocessing = 0;
		};
		A54AB36D1BF6DE53000E6840 /* Resources */ = {
			isa = PBXResourcesBuildPhase;
			buildActionMask = 2147483647;
			files = (
			);
			runOnlyForDeploymentPostprocessing = 0;
		};
/* End PBXResourcesBuildPhase section */

/* Begin PBXShellScriptBuildPhase section */
		26C94DFD0B0DB475DE94A94C /* Copy Pods Resources */ = {
			isa = PBXShellScriptBuildPhase;
			buildActionMask = 2147483647;
			files = (
			);
			inputPaths = (
			);
			name = "Copy Pods Resources";
			outputPaths = (
			);
			runOnlyForDeploymentPostprocessing = 0;
			shellPath = /bin/sh;
			shellScript = "\"${SRCROOT}/Pods/Target Support Files/Pods/Pods-resources.sh\"\n";
			showEnvVarsInLog = 0;
		};
		37111AD92E8CB155E59BD912 /* Check Pods Manifest.lock */ = {
			isa = PBXShellScriptBuildPhase;
			buildActionMask = 2147483647;
			files = (
			);
			inputPaths = (
			);
			name = "Check Pods Manifest.lock";
			outputPaths = (
			);
			runOnlyForDeploymentPostprocessing = 0;
			shellPath = /bin/sh;
			shellScript = "diff \"${PODS_ROOT}/../Podfile.lock\" \"${PODS_ROOT}/Manifest.lock\" > /dev/null\nif [[ $? != 0 ]] ; then\n    cat << EOM\nerror: The sandbox is not in sync with the Podfile.lock. Run 'pod install' or update your CocoaPods installation.\nEOM\n    exit 1\nfi\n";
			showEnvVarsInLog = 0;
		};
		51BDAD5557157E7B63B42055 /* Embed Pods Frameworks */ = {
			isa = PBXShellScriptBuildPhase;
			buildActionMask = 2147483647;
			files = (
			);
			inputPaths = (
			);
			name = "Embed Pods Frameworks";
			outputPaths = (
			);
			runOnlyForDeploymentPostprocessing = 0;
			shellPath = /bin/sh;
			shellScript = "\"${SRCROOT}/Pods/Target Support Files/Pods/Pods-frameworks.sh\"\n";
			showEnvVarsInLog = 0;
		};
/* End PBXShellScriptBuildPhase section */

/* Begin PBXSourcesBuildPhase section */
		A54AB3471BF6DE53000E6840 /* Sources */ = {
			isa = PBXSourcesBuildPhase;
			buildActionMask = 2147483647;
			files = (
				187B76F51BF70481005254A8 /* Globals.m in Sources */,
				A54AB3561BF6DE53000E6840 /* ViewController.m in Sources */,
				A54AB39E1BF7688F000E6840 /* RadarView.m in Sources */,
				187B76F21BF702E0005254A8 /* User.m in Sources */,
				187B770F1BF777F9005254A8 /* PickerDialog.m in Sources */,
				A54AB3831BF6DF99000E6840 /* NearbyViewController.m in Sources */,
				187B77001BF727F7005254A8 /* LoginViewController.m in Sources */,
				187B77031BF728B6005254A8 /* LoginView.m in Sources */,
				187B77101BF777F9005254A8 /* PickerDialogController.m in Sources */,
				A54AB3531BF6DE53000E6840 /* AppDelegate.m in Sources */,
				A54AB38B1BF6E0C0000E6840 /* PeripheralManager.m in Sources */,
				A54AB3501BF6DE53000E6840 /* main.m in Sources */,
				A54AB38F1BF713FB000E6840 /* CentralManager.m in Sources */,
				A54AB3A21BF77324000E6840 /* WaitingViewController.m in Sources */,
				A54AB3981BF75AC8000E6840 /* DraggableView.m in Sources */,
				A54AB3A61BF77CCD000E6840 /* CloseToUserViewController.m in Sources */,
				A54AB3991BF75AC8000E6840 /* OverlayView.m in Sources */,
				A54AB3921BF718F1000E6840 /* RemoteDevice.m in Sources */,
				187B76F81BF70908005254A8 /* NetWork.m in Sources */,
				187B76EF1BF70255005254A8 /* DBHelper.m in Sources */,
			);
			runOnlyForDeploymentPostprocessing = 0;
		};
		A54AB3601BF6DE53000E6840 /* Sources */ = {
			isa = PBXSourcesBuildPhase;
			buildActionMask = 2147483647;
			files = (
				A54AB3691BF6DE53000E6840 /* BLEChatTests.m in Sources */,
			);
			runOnlyForDeploymentPostprocessing = 0;
		};
		A54AB36B1BF6DE53000E6840 /* Sources */ = {
			isa = PBXSourcesBuildPhase;
			buildActionMask = 2147483647;
			files = (
				A54AB3741BF6DE53000E6840 /* BLEChatUITests.m in Sources */,
			);
			runOnlyForDeploymentPostprocessing = 0;
		};
/* End PBXSourcesBuildPhase section */

/* Begin PBXTargetDependency section */
		A54AB3661BF6DE53000E6840 /* PBXTargetDependency */ = {
			isa = PBXTargetDependency;
			target = A54AB34A1BF6DE53000E6840 /* BLEChat */;
			targetProxy = A54AB3651BF6DE53000E6840 /* PBXContainerItemProxy */;
		};
		A54AB3711BF6DE53000E6840 /* PBXTargetDependency */ = {
			isa = PBXTargetDependency;
			target = A54AB34A1BF6DE53000E6840 /* BLEChat */;
			targetProxy = A54AB3701BF6DE53000E6840 /* PBXContainerItemProxy */;
		};
/* End PBXTargetDependency section */

/* Begin PBXVariantGroup section */
		A54AB3571BF6DE53000E6840 /* Main.storyboard */ = {
			isa = PBXVariantGroup;
			children = (
				A54AB3581BF6DE53000E6840 /* Base */,
			);
			name = Main.storyboard;
			sourceTree = "<group>";
		};
		A54AB35C1BF6DE53000E6840 /* LaunchScreen.storyboard */ = {
			isa = PBXVariantGroup;
			children = (
				A54AB35D1BF6DE53000E6840 /* Base */,
			);
			name = LaunchScreen.storyboard;
			sourceTree = "<group>";
		};
/* End PBXVariantGroup section */

/* Begin XCBuildConfiguration section */
		A54AB3761BF6DE53000E6840 /* Debug */ = {
			isa = XCBuildConfiguration;
			buildSettings = {
				ALWAYS_SEARCH_USER_PATHS = NO;
				CLANG_CXX_LANGUAGE_STANDARD = "gnu++0x";
				CLANG_CXX_LIBRARY = "libc++";
				CLANG_ENABLE_MODULES = YES;
				CLANG_ENABLE_OBJC_ARC = YES;
				CLANG_WARN_BOOL_CONVERSION = YES;
				CLANG_WARN_CONSTANT_CONVERSION = YES;
				CLANG_WARN_DIRECT_OBJC_ISA_USAGE = YES_ERROR;
				CLANG_WARN_EMPTY_BODY = YES;
				CLANG_WARN_ENUM_CONVERSION = YES;
				CLANG_WARN_INT_CONVERSION = YES;
				CLANG_WARN_OBJC_ROOT_CLASS = YES_ERROR;
				CLANG_WARN_UNREACHABLE_CODE = YES;
				CLANG_WARN__DUPLICATE_METHOD_MATCH = YES;
				"CODE_SIGN_IDENTITY[sdk=iphoneos*]" = "iPhone Developer";
				COPY_PHASE_STRIP = NO;
				DEBUG_INFORMATION_FORMAT = dwarf;
				ENABLE_STRICT_OBJC_MSGSEND = YES;
				ENABLE_TESTABILITY = YES;
				GCC_C_LANGUAGE_STANDARD = gnu99;
				GCC_DYNAMIC_NO_PIC = NO;
				GCC_NO_COMMON_BLOCKS = YES;
				GCC_OPTIMIZATION_LEVEL = 0;
				GCC_PREPROCESSOR_DEFINITIONS = (
					"DEBUG=1",
					"$(inherited)",
				);
				GCC_WARN_64_TO_32_BIT_CONVERSION = YES;
				GCC_WARN_ABOUT_RETURN_TYPE = YES_ERROR;
				GCC_WARN_UNDECLARED_SELECTOR = YES;
				GCC_WARN_UNINITIALIZED_AUTOS = YES_AGGRESSIVE;
				GCC_WARN_UNUSED_FUNCTION = YES;
				GCC_WARN_UNUSED_VARIABLE = YES;
				IPHONEOS_DEPLOYMENT_TARGET = 9.1;
				MTL_ENABLE_DEBUG_INFO = YES;
				ONLY_ACTIVE_ARCH = YES;
				SDKROOT = iphoneos;
			};
			name = Debug;
		};
		A54AB3771BF6DE53000E6840 /* Release */ = {
			isa = XCBuildConfiguration;
			buildSettings = {
				ALWAYS_SEARCH_USER_PATHS = NO;
				CLANG_CXX_LANGUAGE_STANDARD = "gnu++0x";
				CLANG_CXX_LIBRARY = "libc++";
				CLANG_ENABLE_MODULES = YES;
				CLANG_ENABLE_OBJC_ARC = YES;
				CLANG_WARN_BOOL_CONVERSION = YES;
				CLANG_WARN_CONSTANT_CONVERSION = YES;
				CLANG_WARN_DIRECT_OBJC_ISA_USAGE = YES_ERROR;
				CLANG_WARN_EMPTY_BODY = YES;
				CLANG_WARN_ENUM_CONVERSION = YES;
				CLANG_WARN_INT_CONVERSION = YES;
				CLANG_WARN_OBJC_ROOT_CLASS = YES_ERROR;
				CLANG_WARN_UNREACHABLE_CODE = YES;
				CLANG_WARN__DUPLICATE_METHOD_MATCH = YES;
				"CODE_SIGN_IDENTITY[sdk=iphoneos*]" = "iPhone Developer";
				COPY_PHASE_STRIP = NO;
				DEBUG_INFORMATION_FORMAT = "dwarf-with-dsym";
				ENABLE_NS_ASSERTIONS = NO;
				ENABLE_STRICT_OBJC_MSGSEND = YES;
				GCC_C_LANGUAGE_STANDARD = gnu99;
				GCC_NO_COMMON_BLOCKS = YES;
				GCC_WARN_64_TO_32_BIT_CONVERSION = YES;
				GCC_WARN_ABOUT_RETURN_TYPE = YES_ERROR;
				GCC_WARN_UNDECLARED_SELECTOR = YES;
				GCC_WARN_UNINITIALIZED_AUTOS = YES_AGGRESSIVE;
				GCC_WARN_UNUSED_FUNCTION = YES;
				GCC_WARN_UNUSED_VARIABLE = YES;
				IPHONEOS_DEPLOYMENT_TARGET = 9.1;
				MTL_ENABLE_DEBUG_INFO = NO;
				SDKROOT = iphoneos;
				VALIDATE_PRODUCT = YES;
			};
			name = Release;
		};
		A54AB3791BF6DE53000E6840 /* Debug */ = {
			isa = XCBuildConfiguration;
			baseConfigurationReference = 130FAF6E80A54B411D4B45FC /* Pods.debug.xcconfig */;
			buildSettings = {
				ASSETCATALOG_COMPILER_APPICON_NAME = AppIcon;
				INFOPLIST_FILE = BLEChat/Info.plist;
				LD_RUNPATH_SEARCH_PATHS = "$(inherited) @executable_path/Frameworks";
				PRODUCT_BUNDLE_IDENTIFIER = com.eleven.app.BLEChat;
				PRODUCT_NAME = "$(TARGET_NAME)";
			};
			name = Debug;
		};
		A54AB37A1BF6DE53000E6840 /* Release */ = {
			isa = XCBuildConfiguration;
			baseConfigurationReference = B5CA01E94855134E08622EFA /* Pods.release.xcconfig */;
			buildSettings = {
				ASSETCATALOG_COMPILER_APPICON_NAME = AppIcon;
				INFOPLIST_FILE = BLEChat/Info.plist;
				LD_RUNPATH_SEARCH_PATHS = "$(inherited) @executable_path/Frameworks";
				PRODUCT_BUNDLE_IDENTIFIER = com.eleven.app.BLEChat;
				PRODUCT_NAME = "$(TARGET_NAME)";
			};
			name = Release;
		};
		A54AB37C1BF6DE53000E6840 /* Debug */ = {
			isa = XCBuildConfiguration;
			buildSettings = {
				BUNDLE_LOADER = "$(TEST_HOST)";
				INFOPLIST_FILE = BLEChatTests/Info.plist;
				LD_RUNPATH_SEARCH_PATHS = "$(inherited) @executable_path/Frameworks @loader_path/Frameworks";
				PRODUCT_BUNDLE_IDENTIFIER = com.eleven.app.BLEChatTests;
				PRODUCT_NAME = "$(TARGET_NAME)";
				TEST_HOST = "$(BUILT_PRODUCTS_DIR)/BLEChat.app/BLEChat";
			};
			name = Debug;
		};
		A54AB37D1BF6DE53000E6840 /* Release */ = {
			isa = XCBuildConfiguration;
			buildSettings = {
				BUNDLE_LOADER = "$(TEST_HOST)";
				INFOPLIST_FILE = BLEChatTests/Info.plist;
				LD_RUNPATH_SEARCH_PATHS = "$(inherited) @executable_path/Frameworks @loader_path/Frameworks";
				PRODUCT_BUNDLE_IDENTIFIER = com.eleven.app.BLEChatTests;
				PRODUCT_NAME = "$(TARGET_NAME)";
				TEST_HOST = "$(BUILT_PRODUCTS_DIR)/BLEChat.app/BLEChat";
			};
			name = Release;
		};
		A54AB37F1BF6DE53000E6840 /* Debug */ = {
			isa = XCBuildConfiguration;
			buildSettings = {
				INFOPLIST_FILE = BLEChatUITests/Info.plist;
				LD_RUNPATH_SEARCH_PATHS = "$(inherited) @executable_path/Frameworks @loader_path/Frameworks";
				PRODUCT_BUNDLE_IDENTIFIER = com.eleven.app.BLEChatUITests;
				PRODUCT_NAME = "$(TARGET_NAME)";
				TEST_TARGET_NAME = BLEChat;
				USES_XCTRUNNER = YES;
			};
			name = Debug;
		};
		A54AB3801BF6DE53000E6840 /* Release */ = {
			isa = XCBuildConfiguration;
			buildSettings = {
				INFOPLIST_FILE = BLEChatUITests/Info.plist;
				LD_RUNPATH_SEARCH_PATHS = "$(inherited) @executable_path/Frameworks @loader_path/Frameworks";
				PRODUCT_BUNDLE_IDENTIFIER = com.eleven.app.BLEChatUITests;
				PRODUCT_NAME = "$(TARGET_NAME)";
				TEST_TARGET_NAME = BLEChat;
				USES_XCTRUNNER = YES;
			};
			name = Release;
		};
/* End XCBuildConfiguration section */

/* Begin XCConfigurationList section */
		A54AB3461BF6DE53000E6840 /* Build configuration list for PBXProject "BLEChat" */ = {
			isa = XCConfigurationList;
			buildConfigurations = (
				A54AB3761BF6DE53000E6840 /* Debug */,
				A54AB3771BF6DE53000E6840 /* Release */,
			);
			defaultConfigurationIsVisible = 0;
			defaultConfigurationName = Release;
		};
		A54AB3781BF6DE53000E6840 /* Build configuration list for PBXNativeTarget "BLEChat" */ = {
			isa = XCConfigurationList;
			buildConfigurations = (
				A54AB3791BF6DE53000E6840 /* Debug */,
				A54AB37A1BF6DE53000E6840 /* Release */,
			);
			defaultConfigurationIsVisible = 0;
			defaultConfigurationName = Release;
		};
		A54AB37B1BF6DE53000E6840 /* Build configuration list for PBXNativeTarget "BLEChatTests" */ = {
			isa = XCConfigurationList;
			buildConfigurations = (
				A54AB37C1BF6DE53000E6840 /* Debug */,
				A54AB37D1BF6DE53000E6840 /* Release */,
			);
			defaultConfigurationIsVisible = 0;
			defaultConfigurationName = Release;
		};
		A54AB37E1BF6DE53000E6840 /* Build configuration list for PBXNativeTarget "BLEChatUITests" */ = {
			isa = XCConfigurationList;
			buildConfigurations = (
				A54AB37F1BF6DE53000E6840 /* Debug */,
				A54AB3801BF6DE53000E6840 /* Release */,
			);
			defaultConfigurationIsVisible = 0;
			defaultConfigurationName = Release;
		};
/* End XCConfigurationList section */
	};
	rootObject = A54AB3431BF6DE53000E6840 /* Project object */;
}
